
Microsoft Visual Studio Solution File, Format Version 12.00
# Visual Studio Version 17
VisualStudioVersion = 17.5.33424.131
MinimumVisualStudioVersion = 10.0.40219.1
Project("{9A19103F-16F7-4668-BE54-9A1E7A4F7556}") = "ProductiGraph", "ProductiGraph.csproj", "{197F2F2A-AAEF-44C1-A32D-884C7D8BECDB}"
EndProject
Global
	GlobalSection(SolutionConfigurationPlatforms) = preSolution
		Debug|Any CPU = Debug|Any CPU
		Release|Any CPU = Release|Any CPU
	EndGlobalSection
	GlobalSection(ProjectConfigurationPlatforms) = postSolution
		{197F2F2A-AAEF-44C1-A32D-884C7D8BECDB}.Debug|Any CPU.ActiveCfg = Debug|Any CPU
		{197F2F2A-AAEF-44C1-A32D-884C7D8BECDB}.Debug|Any CPU.Build.0 = Debug|Any CPU
		{197F2F2A-AAEF-44C1-A32D-884C7D8BECDB}.Release|Any CPU.ActiveCfg = Release|Any CPU
		{197F2F2A-AAEF-44C1-A32D-884C7D8BECDB}.Release|Any CPU.Build.0 = Release|Any CPU
	EndGlobalSection
	GlobalSection(SolutionProperties) = preSolution
		HideSolutionNode = FALSE
	EndGlobalSection
	GlobalSection(ExtensibilityGlobals) = postSolution
		SolutionGuid = {FB14F5B0-5194-4F64-A57A-8B40113B4787}
	EndGlobalSection
EndGlobal
